
Microsoft Visual Studio Solution File, Format Version 12.00
# Visual Studio Version 16
VisualStudioVersion = 16.0.31205.134
MinimumVisualStudioVersion = 10.0.40219.1
Project("{8BC9CEB8-8B4A-11D0-8D11-00A0C91BC942}") = "01.DS_Pointer", "DS_Pointer\DS_Pointer.vcxproj", "{9B6FEBC0-50E1-47A9-A869-311380AFA820}"
EndProject
Project("{8BC9CEB8-8B4A-11D0-8D11-00A0C91BC942}") = "02.String_Practice_Example", "String_Practice_Example\String_Practice_Example.vcxproj", "{52F58782-9FBA-4CBF-A937-7E03F8BB6A2B}"
EndProject
Project("{8BC9CEB8-8B4A-11D0-8D11-00A0C91BC942}") = "03.PhoneNumber-Book v1.0", "03.PhoneNumber-Book v1.0\03.PhoneNumber-Book v1.0.vcxproj", "{B9CB4089-949B-4E01-849C-DF7BA7D388CC}"
EndProject
Project("{8BC9CEB8-8B4A-11D0-8D11-00A0C91BC942}") = "04.PhoneNumber-Book patch", "04.PhoneNumber-Book patch\04.PhoneNumber-Book patch.vcxproj", "{FBE1412D-A639-4460-AA63-7AAB00B2945C}"
EndProject
Project("{8BC9CEB8-8B4A-11D0-8D11-00A0C91BC942}") = "05.PhoneNumber-Book v3.0", "05.PhoneNumber-Book v3.0\05.PhoneNumber-Book v3.0.vcxproj", "{00054FD8-46E3-47A3-B463-141CA5D3FD88}"
EndProject
Project("{8BC9CEB8-8B4A-11D0-8D11-00A0C91BC942}") = "05.PhoneNumber-Book v4.0", "05.PhoneNumber-Book v4.0\05.PhoneNumber-Book v4.0.vcxproj", "{7564881C-D746-4DA6-891D-46D25412B9B9}"
EndProject
Global
	GlobalSection(SolutionConfigurationPlatforms) = preSolution
		Debug|x64 = Debug|x64
		Debug|x86 = Debug|x86
		Release|x64 = Release|x64
		Release|x86 = Release|x86
	EndGlobalSection
	GlobalSection(ProjectConfigurationPlatforms) = postSolution
		{9B6FEBC0-50E1-47A9-A869-311380AFA820}.Debug|x64.ActiveCfg = Debug|x64
		{9B6FEBC0-50E1-47A9-A869-311380AFA820}.Debug|x64.Build.0 = Debug|x64
		{9B6FEBC0-50E1-47A9-A869-311380AFA820}.Debug|x86.ActiveCfg = Debug|Win32
		{9B6FEBC0-50E1-47A9-A869-311380AFA820}.Debug|x86.Build.0 = Debug|Win32
		{9B6FEBC0-50E1-47A9-A869-311380AFA820}.Release|x64.ActiveCfg = Release|x64
		{9B6FEBC0-50E1-47A9-A869-311380AFA820}.Release|x64.Build.0 = Release|x64
		{9B6FEBC0-50E1-47A9-A869-311380AFA820}.Release|x86.ActiveCfg = Release|Win32
		{9B6FEBC0-50E1-47A9-A869-311380AFA820}.Release|x86.Build.0 = Release|Win32
		{52F58782-9FBA-4CBF-A937-7E03F8BB6A2B}.Debug|x64.ActiveCfg = Debug|x64
		{52F58782-9FBA-4CBF-A937-7E03F8BB6A2B}.Debug|x64.Build.0 = Debug|x64
		{52F58782-9FBA-4CBF-A937-7E03F8BB6A2B}.Debug|x86.ActiveCfg = Debug|Win32
		{52F58782-9FBA-4CBF-A937-7E03F8BB6A2B}.Debug|x86.Build.0 = Debug|Win32
		{52F58782-9FBA-4CBF-A937-7E03F8BB6A2B}.Release|x64.ActiveCfg = Release|x64
		{52F58782-9FBA-4CBF-A937-7E03F8BB6A2B}.Release|x64.Build.0 = Release|x64
		{52F58782-9FBA-4CBF-A937-7E03F8BB6A2B}.Release|x86.ActiveCfg = Release|Win32
		{52F58782-9FBA-4CBF-A937-7E03F8BB6A2B}.Release|x86.Build.0 = Release|Win32
		{B9CB4089-949B-4E01-849C-DF7BA7D388CC}.Debug|x64.ActiveCfg = Debug|x64
		{B9CB4089-949B-4E01-849C-DF7BA7D388CC}.Debug|x64.Build.0 = Debug|x64
		{B9CB4089-949B-4E01-849C-DF7BA7D388CC}.Debug|x86.ActiveCfg = Debug|Win32
		{B9CB4089-949B-4E01-849C-DF7BA7D388CC}.Debug|x86.Build.0 = Debug|Win32
		{B9CB4089-949B-4E01-849C-DF7BA7D388CC}.Release|x64.ActiveCfg = Release|x64
		{B9CB4089-949B-4E01-849C-DF7BA7D388CC}.Release|x64.Build.0 = Release|x64
		{B9CB4089-949B-4E01-849C-DF7BA7D388CC}.Release|x86.ActiveCfg = Release|Win32
		{B9CB4089-949B-4E01-849C-DF7BA7D388CC}.Release|x86.Build.0 = Release|Win32
		{FBE1412D-A639-4460-AA63-7AAB00B2945C}.Debug|x64.ActiveCfg = Debug|x64
		{FBE1412D-A639-4460-AA63-7AAB00B2945C}.Debug|x64.Build.0 = Debug|x64
		{FBE1412D-A639-4460-AA63-7AAB00B2945C}.Debug|x86.ActiveCfg = Debug|Win32
		{FBE1412D-A639-4460-AA63-7AAB00B2945C}.Debug|x86.Build.0 = Debug|Win32
		{FBE1412D-A639-4460-AA63-7AAB00B2945C}.Release|x64.ActiveCfg = Release|x64
		{FBE1412D-A639-4460-AA63-7AAB00B2945C}.Release|x64.Build.0 = Release|x64
		{FBE1412D-A639-4460-AA63-7AAB00B2945C}.Release|x86.ActiveCfg = Release|Win32
		{FBE1412D-A639-4460-AA63-7AAB00B2945C}.Release|x86.Build.0 = Release|Win32
		{00054FD8-46E3-47A3-B463-141CA5D3FD88}.Debug|x64.ActiveCfg = Debug|x64
		{00054FD8-46E3-47A3-B463-141CA5D3FD88}.Debug|x64.Build.0 = Debug|x64
		{00054FD8-46E3-47A3-B463-141CA5D3FD88}.Debug|x86.ActiveCfg = Debug|Win32
		{00054FD8-46E3-47A3-B463-141CA5D3FD88}.Debug|x86.Build.0 = Debug|Win32
		{00054FD8-46E3-47A3-B463-141CA5D3FD88}.Release|x64.ActiveCfg = Release|x64
		{00054FD8-46E3-47A3-B463-141CA5D3FD88}.Release|x64.Build.0 = Release|x64
		{00054FD8-46E3-47A3-B463-141CA5D3FD88}.Release|x86.ActiveCfg = Release|Win32
		{00054FD8-46E3-47A3-B463-141CA5D3FD88}.Release|x86.Build.0 = Release|Win32
		{7564881C-D746-4DA6-891D-46D25412B9B9}.Debug|x64.ActiveCfg = Debug|x64
		{7564881C-D746-4DA6-891D-46D25412B9B9}.Debug|x64.Build.0 = Debug|x64
		{7564881C-D746-4DA6-891D-46D25412B9B9}.Debug|x86.ActiveCfg = Debug|Win32
		{7564881C-D746-4DA6-891D-46D25412B9B9}.Debug|x86.Build.0 = Debug|Win32
		{7564881C-D746-4DA6-891D-46D25412B9B9}.Release|x64.ActiveCfg = Release|x64
		{7564881C-D746-4DA6-891D-46D25412B9B9}.Release|x64.Build.0 = Release|x64
		{7564881C-D746-4DA6-891D-46D25412B9B9}.Release|x86.ActiveCfg = Release|Win32
		{7564881C-D746-4DA6-891D-46D25412B9B9}.Release|x86.Build.0 = Release|Win32
	EndGlobalSection
	GlobalSection(SolutionProperties) = preSolution
		HideSolutionNode = FALSE
	EndGlobalSection
	GlobalSection(ExtensibilityGlobals) = postSolution
		SolutionGuid = {88D6D6E0-2951-4CE3-B769-DA596A6D7806}
	EndGlobalSection
EndGlobal
